{
  "requires": true,
  "lockfileVersion": 1,
  "dependencies": {
    "sumcalcutils": {
      "version": "1.0.0",
      "resolved": "https://registry.npmjs.org/sumcalcutils/-/sumcalcutils-1.0.0.tgz",
      "integrity": "sha512-o8F4hRm0r76XjSKZUOM4293sWy2rpPf1Mc1Kp1d2h7bQatFkiZTTuWdC1OCQ+d4XkfQtJjGMFFQLXN6Q9/WCNA=="
    }
  }
}
